
Microsoft Visual Studio Solution File, Format Version 12.00
# Visual Studio Version 17
VisualStudioVersion = 17.9.34728.123
MinimumVisualStudioVersion = 10.0.40219.1
Project("{8BC9CEB8-8B4A-11D0-8D11-00A0C91BC942}") = "MT4", "MT4.vcxproj", "{1398BB45-34FB-4B87-87D0-468193977699}"
EndProject
Global
	GlobalSection(SolutionConfigurationPlatforms) = preSolution
		Debug|x64 = Debug|x64
		Release|x64 = Release|x64
	EndGlobalSection
	GlobalSection(ProjectConfigurationPlatforms) = postSolution
		{1398BB45-34FB-4B87-87D0-468193977699}.Debug|x64.ActiveCfg = Debug|x64
		{1398BB45-34FB-4B87-87D0-468193977699}.Debug|x64.Build.0 = Debug|x64
		{1398BB45-34FB-4B87-87D0-468193977699}.Release|x64.ActiveCfg = Release|x64
		{1398BB45-34FB-4B87-87D0-468193977699}.Release|x64.Build.0 = Release|x64
	EndGlobalSection
	GlobalSection(SolutionProperties) = preSolution
		HideSolutionNode = FALSE
	EndGlobalSection
	GlobalSection(ExtensibilityGlobals) = postSolution
		SolutionGuid = {05B2103E-2F11-4039-B975-2BC65D936276}
	EndGlobalSection
EndGlobal
